// !$*UTF8*$!
{
	archiveVersion = 1;
	classes = {
	};
	objectVersion = 46;
	objects = {

/* Begin PBXBuildFile section */
		041490261CD09294001B3905 /* AppDelegate.swift in Sources */ = {isa = PBXBuildFile; fileRef = 041490251CD09294001B3905 /* AppDelegate.swift */; };
		0414902D1CD09294001B3905 /* Assets.xcassets in Resources */ = {isa = PBXBuildFile; fileRef = 0414902C1CD09294001B3905 /* Assets.xcassets */; };
		041490301CD09294001B3905 /* LaunchScreen.storyboard in Resources */ = {isa = PBXBuildFile; fileRef = 0414902E1CD09294001B3905 /* LaunchScreen.storyboard */; };
		0414903B1CD09294001B3905 /* xinlangTests.swift in Sources */ = {isa = PBXBuildFile; fileRef = 0414903A1CD09294001B3905 /* xinlangTests.swift */; };
		041490461CD09294001B3905 /* xinlangUITests.swift in Sources */ = {isa = PBXBuildFile; fileRef = 041490451CD09294001B3905 /* xinlangUITests.swift */; };
		041490541CD09455001B3905 /* ZCTabBarController.swift in Sources */ = {isa = PBXBuildFile; fileRef = 041490531CD09455001B3905 /* ZCTabBarController.swift */; };
		041490581CD0970F001B3905 /* tabbar.plist in Resources */ = {isa = PBXBuildFile; fileRef = 041490571CD0970F001B3905 /* tabbar.plist */; };
		0414905A1CD097A9001B3905 /* ZCNews.swift in Sources */ = {isa = PBXBuildFile; fileRef = 041490591CD097A9001B3905 /* ZCNews.swift */; };
		041490611CD0983A001B3905 /* ZCPicture.swift in Sources */ = {isa = PBXBuildFile; fileRef = 041490601CD0983A001B3905 /* ZCPicture.swift */; };
		041490641CD098D7001B3905 /* ZCVideo.swift in Sources */ = {isa = PBXBuildFile; fileRef = 041490631CD098D7001B3905 /* ZCVideo.swift */; };
		041490671CD098F4001B3905 /* ZCMine.swift in Sources */ = {isa = PBXBuildFile; fileRef = 041490661CD098F4001B3905 /* ZCMine.swift */; };
		0414906B1CD0B79C001B3905 /* OCDome.m in Sources */ = {isa = PBXBuildFile; fileRef = 0414906A1CD0B79C001B3905 /* OCDome.m */; };
		0414906E1CD0D972001B3905 /* NewsCell.swift in Sources */ = {isa = PBXBuildFile; fileRef = 0414906D1CD0D972001B3905 /* NewsCell.swift */; };
/* End PBXBuildFile section */

/* Begin PBXContainerItemProxy section */
		041490371CD09294001B3905 /* PBXContainerItemProxy */ = {
			isa = PBXContainerItemProxy;
			containerPortal = 0414901A1CD09293001B3905 /* Project object */;
			proxyType = 1;
			remoteGlobalIDString = 041490211CD09293001B3905;
			remoteInfo = xinlang;
		};
		041490421CD09294001B3905 /* PBXContainerItemProxy */ = {
			isa = PBXContainerItemProxy;
			containerPortal = 0414901A1CD09293001B3905 /* Project object */;
			proxyType = 1;
			remoteGlobalIDString = 041490211CD09293001B3905;
			remoteInfo = xinlang;
		};
/* End PBXContainerItemProxy section */

/* Begin PBXFileReference section */
		041490221CD09293001B3905 /* xinlang.app */ = {isa = PBXFileReference; explicitFileType = wrapper.application; includeInIndex = 0; path = xinlang.app; sourceTree = BUILT_PRODUCTS_DIR; };
		041490251CD09294001B3905 /* AppDelegate.swift */ = {isa = PBXFileReference; lastKnownFileType = sourcecode.swift; path = AppDelegate.swift; sourceTree = "<group>"; };
		0414902C1CD09294001B3905 /* Assets.xcassets */ = {isa = PBXFileReference; lastKnownFileType = folder.assetcatalog; path = Assets.xcassets; sourceTree = "<group>"; };
		0414902F1CD09294001B3905 /* Base */ = {isa = PBXFileReference; lastKnownFileType = file.storyboard; name = Base; path = Base.lproj/LaunchScreen.storyboard; sourceTree = "<group>"; };
		041490311CD09294001B3905 /* Info.plist */ = {isa = PBXFileReference; lastKnownFileType = text.plist.xml; path = Info.plist; sourceTree = "<group>"; };
		041490361CD09294001B3905 /* xinlangTests.xctest */ = {isa = PBXFileReference; explicitFileType = wrapper.cfbundle; includeInIndex = 0; path = xinlangTests.xctest; sourceTree = BUILT_PRODUCTS_DIR; };
		0414903A1CD09294001B3905 /* xinlangTests.swift */ = {isa = PBXFileReference; lastKnownFileType = sourcecode.swift; path = xinlangTests.swift; sourceTree = "<group>"; };
		0414903C1CD09294001B3905 /* Info.plist */ = {isa = PBXFileReference; lastKnownFileType = text.plist.xml; path = Info.plist; sourceTree = "<group>"; };
		041490411CD09294001B3905 /* xinlangUITests.xctest */ = {isa = PBXFileReference; explicitFileType = wrapper.cfbundle; includeInIndex = 0; path = xinlangUITests.xctest; sourceTree = BUILT_PRODUCTS_DIR; };
		041490451CD09294001B3905 /* xinlangUITests.swift */ = {isa = PBXFileReference; lastKnownFileType = sourcecode.swift; path = xinlangUITests.swift; sourceTree = "<group>"; };
		041490471CD09294001B3905 /* Info.plist */ = {isa = PBXFileReference; lastKnownFileType = text.plist.xml; path = Info.plist; sourceTree = "<group>"; };
		041490531CD09455001B3905 /* ZCTabBarController.swift */ = {isa = PBXFileReference; fileEncoding = 4; lastKnownFileType = sourcecode.swift; path = ZCTabBarController.swift; sourceTree = "<group>"; };
		041490571CD0970F001B3905 /* tabbar.plist */ = {isa = PBXFileReference; fileEncoding = 4; lastKnownFileType = text.plist.xml; name = tabbar.plist; path = ../tabbar.plist; sourceTree = "<group>"; };
		041490591CD097A9001B3905 /* ZCNews.swift */ = {isa = PBXFileReference; fileEncoding = 4; lastKnownFileType = sourcecode.swift; path = ZCNews.swift; sourceTree = "<group>"; };
		041490601CD0983A001B3905 /* ZCPicture.swift */ = {isa = PBXFileReference; fileEncoding = 4; lastKnownFileType = sourcecode.swift; path = ZCPicture.swift; sourceTree = "<group>"; };
		041490631CD098D7001B3905 /* ZCVideo.swift */ = {isa = PBXFileReference; fileEncoding = 4; lastKnownFileType = sourcecode.swift; path = ZCVideo.swift; sourceTree = "<group>"; };
		041490661CD098F4001B3905 /* ZCMine.swift */ = {isa = PBXFileReference; fileEncoding = 4; lastKnownFileType = sourcecode.swift; path = ZCMine.swift; sourceTree = "<group>"; };
		041490681CD0B79B001B3905 /* xinlang-Bridging-Header.h */ = {isa = PBXFileReference; lastKnownFileType = sourcecode.c.h; path = "xinlang-Bridging-Header.h"; sourceTree = "<group>"; };
		041490691CD0B79C001B3905 /* OCDome.h */ = {isa = PBXFileReference; fileEncoding = 4; lastKnownFileType = sourcecode.c.h; path = OCDome.h; sourceTree = "<group>"; };
		0414906A1CD0B79C001B3905 /* OCDome.m */ = {isa = PBXFileReference; fileEncoding = 4; lastKnownFileType = sourcecode.c.objc; path = OCDome.m; sourceTree = "<group>"; };
		0414906D1CD0D972001B3905 /* NewsCell.swift */ = {isa = PBXFileReference; fileEncoding = 4; lastKnownFileType = sourcecode.swift; path = NewsCell.swift; sourceTree = "<group>"; };
/* End PBXFileReference section */

/* Begin PBXFrameworksBuildPhase section */
		0414901F1CD09293001B3905 /* Frameworks */ = {
			isa = PBXFrameworksBuildPhase;
			buildActionMask = 2147483647;
			files = (
			);
			runOnlyForDeploymentPostprocessing = 0;
		};
		041490331CD09294001B3905 /* Frameworks */ = {
			isa = PBXFrameworksBuildPhase;
			buildActionMask = 2147483647;
			files = (
			);
			runOnlyForDeploymentPostprocessing = 0;
		};
		0414903E1CD09294001B3905 /* Frameworks */ = {
			isa = PBXFrameworksBuildPhase;
			buildActionMask = 2147483647;
			files = (
			);
			runOnlyForDeploymentPostprocessing = 0;
		};
/* End PBXFrameworksBuildPhase section */

/* Begin PBXGroup section */
		041490191CD09293001B3905 = {
			isa = PBXGroup;
			children = (
				041490241CD09294001B3905 /* xinlang */,
				041490391CD09294001B3905 /* xinlangTests */,
				041490441CD09294001B3905 /* xinlangUITests */,
				041490231CD09293001B3905 /* Products */,
			);
			sourceTree = "<group>";
		};
		041490231CD09293001B3905 /* Products */ = {
			isa = PBXGroup;
			children = (
				041490221CD09293001B3905 /* xinlang.app */,
				041490361CD09294001B3905 /* xinlangTests.xctest */,
				041490411CD09294001B3905 /* xinlangUITests.xctest */,
			);
			name = Products;
			sourceTree = "<group>";
		};
		041490241CD09294001B3905 /* xinlang */ = {
			isa = PBXGroup;
			children = (
				0414905D1CD097CE001B3905 /* controller */,
				0414905C1CD097C3001B3905 /* view */,
				0414905B1CD097B6001B3905 /* model */,
				041490251CD09294001B3905 /* AppDelegate.swift */,
				041490531CD09455001B3905 /* ZCTabBarController.swift */,
				041490691CD0B79C001B3905 /* OCDome.h */,
				0414906A1CD0B79C001B3905 /* OCDome.m */,
				041490571CD0970F001B3905 /* tabbar.plist */,
				0414902C1CD09294001B3905 /* Assets.xcassets */,
				0414902E1CD09294001B3905 /* LaunchScreen.storyboard */,
				041490311CD09294001B3905 /* Info.plist */,
				041490681CD0B79B001B3905 /* xinlang-Bridging-Header.h */,
			);
			path = xinlang;
			sourceTree = "<group>";
		};
		041490391CD09294001B3905 /* xinlangTests */ = {
			isa = PBXGroup;
			children = (
				0414903A1CD09294001B3905 /* xinlangTests.swift */,
				0414903C1CD09294001B3905 /* Info.plist */,
			);
			path = xinlangTests;
			sourceTree = "<group>";
		};
		041490441CD09294001B3905 /* xinlangUITests */ = {
			isa = PBXGroup;
			children = (
				041490451CD09294001B3905 /* xinlangUITests.swift */,
				041490471CD09294001B3905 /* Info.plist */,
			);
			path = xinlangUITests;
			sourceTree = "<group>";
		};
		0414905B1CD097B6001B3905 /* model */ = {
			isa = PBXGroup;
			children = (
			);
			name = model;
			sourceTree = "<group>";
		};
		0414905C1CD097C3001B3905 /* view */ = {
			isa = PBXGroup;
			children = (
				0414906C1CD0D948001B3905 /* 新闻view */,
			);
			name = view;
			sourceTree = "<group>";
		};
		0414905D1CD097CE001B3905 /* controller */ = {
			isa = PBXGroup;
			children = (
				041490651CD098DF001B3905 /* 我的 */,
				041490621CD09890001B3905 /* 视频 */,
				0414905F1CD097F8001B3905 /* 图片 */,
				0414905E1CD097E2001B3905 /* 新闻 */,
			);
			name = controller;
			sourceTree = "<group>";
		};
		0414905E1CD097E2001B3905 /* 新闻 */ = {
			isa = PBXGroup;
			children = (
				041490591CD097A9001B3905 /* ZCNews.swift */,
			);
			name = "新闻";
			sourceTree = "<group>";
		};
		0414905F1CD097F8001B3905 /* 图片 */ = {
			isa = PBXGroup;
			children = (
				041490601CD0983A001B3905 /* ZCPicture.swift */,
			);
			name = "图片";
			sourceTree = "<group>";
		};
		041490621CD09890001B3905 /* 视频 */ = {
			isa = PBXGroup;
			children = (
				041490631CD098D7001B3905 /* ZCVideo.swift */,
			);
			name = "视频";
			sourceTree = "<group>";
		};
		041490651CD098DF001B3905 /* 我的 */ = {
			isa = PBXGroup;
			children = (
				041490661CD098F4001B3905 /* ZCMine.swift */,
			);
			name = "我的";
			sourceTree = "<group>";
		};
		0414906C1CD0D948001B3905 /* 新闻view */ = {
			isa = PBXGroup;
			children = (
				0414906D1CD0D972001B3905 /* NewsCell.swift */,
			);
			name = "新闻view";
			sourceTree = "<group>";
		};
/* End PBXGroup section */

/* Begin PBXNativeTarget section */
		041490211CD09293001B3905 /* xinlang */ = {
			isa = PBXNativeTarget;
			buildConfigurationList = 0414904A1CD09294001B3905 /* Build configuration list for PBXNativeTarget "xinlang" */;
			buildPhases = (
				0414901E1CD09293001B3905 /* Sources */,
				0414901F1CD09293001B3905 /* Frameworks */,
				041490201CD09293001B3905 /* Resources */,
			);
			buildRules = (
			);
			dependencies = (
			);
			name = xinlang;
			productName = xinlang;
			productReference = 041490221CD09293001B3905 /* xinlang.app */;
			productType = "com.apple.product-type.application";
		};
		041490351CD09294001B3905 /* xinlangTests */ = {
			isa = PBXNativeTarget;
			buildConfigurationList = 0414904D1CD09294001B3905 /* Build configuration list for PBXNativeTarget "xinlangTests" */;
			buildPhases = (
				041490321CD09294001B3905 /* Sources */,
				041490331CD09294001B3905 /* Frameworks */,
				041490341CD09294001B3905 /* Resources */,
			);
			buildRules = (
			);
			dependencies = (
				041490381CD09294001B3905 /* PBXTargetDependency */,
			);
			name = xinlangTests;
			productName = xinlangTests;
			productReference = 041490361CD09294001B3905 /* xinlangTests.xctest */;
			productType = "com.apple.product-type.bundle.unit-test";
		};
		041490401CD09294001B3905 /* xinlangUITests */ = {
			isa = PBXNativeTarget;
			buildConfigurationList = 041490501CD09294001B3905 /* Build configuration list for PBXNativeTarget "xinlangUITests" */;
			buildPhases = (
				0414903D1CD09294001B3905 /* Sources */,
				0414903E1CD09294001B3905 /* Frameworks */,
				0414903F1CD09294001B3905 /* Resources */,
			);
			buildRules = (
			);
			dependencies = (
				041490431CD09294001B3905 /* PBXTargetDependency */,
			);
			name = xinlangUITests;
			productName = xinlangUITests;
			productReference = 041490411CD09294001B3905 /* xinlangUITests.xctest */;
			productType = "com.apple.product-type.bundle.ui-testing";
		};
/* End PBXNativeTarget section */

/* Begin PBXProject section */
		0414901A1CD09293001B3905 /* Project object */ = {
			isa = PBXProject;
			attributes = {
				LastSwiftUpdateCheck = 0730;
				LastUpgradeCheck = 0730;
				ORGANIZATIONNAME = lzc;
				TargetAttributes = {
					041490211CD09293001B3905 = {
						CreatedOnToolsVersion = 7.3;
					};
					041490351CD09294001B3905 = {
						CreatedOnToolsVersion = 7.3;
						TestTargetID = 041490211CD09293001B3905;
					};
					041490401CD09294001B3905 = {
						CreatedOnToolsVersion = 7.3;
						TestTargetID = 041490211CD09293001B3905;
					};
				};
			};
			buildConfigurationList = 0414901D1CD09293001B3905 /* Build configuration list for PBXProject "xinlang" */;
			compatibilityVersion = "Xcode 3.2";
			developmentRegion = English;
			hasScannedForEncodings = 0;
			knownRegions = (
				en,
				Base,
			);
			mainGroup = 041490191CD09293001B3905;
			productRefGroup = 041490231CD09293001B3905 /* Products */;
			projectDirPath = "";
			projectRoot = "";
			targets = (
				041490211CD09293001B3905 /* xinlang */,
				041490351CD09294001B3905 /* xinlangTests */,
				041490401CD09294001B3905 /* xinlangUITests */,
			);
		};
/* End PBXProject section */

/* Begin PBXResourcesBuildPhase section */
		041490201CD09293001B3905 /* Resources */ = {
			isa = PBXResourcesBuildPhase;
			buildActionMask = 2147483647;
			files = (
				041490581CD0970F001B3905 /* tabbar.plist in Resources */,
				041490301CD09294001B3905 /* LaunchScreen.storyboard in Resources */,
				0414902D1CD09294001B3905 /* Assets.xcassets in Resources */,
			);
			runOnlyForDeploymentPostprocessing = 0;
		};
		041490341CD09294001B3905 /* Resources */ = {
			isa = PBXResourcesBuildPhase;
			buildActionMask = 2147483647;
			files = (
			);
			runOnlyForDeploymentPostprocessing = 0;
		};
		0414903F1CD09294001B3905 /* Resources */ = {
			isa = PBXResourcesBuildPhase;
			buildActionMask = 2147483647;
			files = (
			);
			runOnlyForDeploymentPostprocessing = 0;
		};
/* End PBXResourcesBuildPhase section */

/* Begin PBXSourcesBuildPhase section */
		0414901E1CD09293001B3905 /* Sources */ = {
			isa = PBXSourcesBuildPhase;
			buildActionMask = 2147483647;
			files = (
				041490541CD09455001B3905 /* ZCTabBarController.swift in Sources */,
				0414906B1CD0B79C001B3905 /* OCDome.m in Sources */,
				041490261CD09294001B3905 /* AppDelegate.swift in Sources */,
				0414905A1CD097A9001B3905 /* ZCNews.swift in Sources */,
				041490611CD0983A001B3905 /* ZCPicture.swift in Sources */,
				041490641CD098D7001B3905 /* ZCVideo.swift in Sources */,
				0414906E1CD0D972001B3905 /* NewsCell.swift in Sources */,
				041490671CD098F4001B3905 /* ZCMine.swift in Sources */,
			);
			runOnlyForDeploymentPostprocessing = 0;
		};
		041490321CD09294001B3905 /* Sources */ = {
			isa = PBXSourcesBuildPhase;
			buildActionMask = 2147483647;
			files = (
				0414903B1CD09294001B3905 /* xinlangTests.swift in Sources */,
			);
			runOnlyForDeploymentPostprocessing = 0;
		};
		0414903D1CD09294001B3905 /* Sources */ = {
			isa = PBXSourcesBuildPhase;
			buildActionMask = 2147483647;
			files = (
				041490461CD09294001B3905 /* xinlangUITests.swift in Sources */,
			);
			runOnlyForDeploymentPostprocessing = 0;
		};
/* End PBXSourcesBuildPhase section */

/* Begin PBXTargetDependency section */
		041490381CD09294001B3905 /* PBXTargetDependency */ = {
			isa = PBXTargetDependency;
			target = 041490211CD09293001B3905 /* xinlang */;
			targetProxy = 041490371CD09294001B3905 /* PBXContainerItemProxy */;
		};
		041490431CD09294001B3905 /* PBXTargetDependency */ = {
			isa = PBXTargetDependency;
			target = 041490211CD09293001B3905 /* xinlang */;
			targetProxy = 041490421CD09294001B3905 /* PBXContainerItemProxy */;
		};
/* End PBXTargetDependency section */

/* Begin PBXVariantGroup section */
		0414902E1CD09294001B3905 /* LaunchScreen.storyboard */ = {
			isa = PBXVariantGroup;
			children = (
				0414902F1CD09294001B3905 /* Base */,
			);
			name = LaunchScreen.storyboard;
			sourceTree = "<group>";
		};
/* End PBXVariantGroup section */

/* Begin XCBuildConfiguration section */
		041490481CD09294001B3905 /* Debug */ = {
			isa = XCBuildConfiguration;
			buildSettings = {
				ALWAYS_SEARCH_USER_PATHS = NO;
				CLANG_ANALYZER_NONNULL = YES;
				CLANG_CXX_LANGUAGE_STANDARD = "gnu++0x";
				CLANG_CXX_LIBRARY = "libc++";
				CLANG_ENABLE_MODULES = YES;
				CLANG_ENABLE_OBJC_ARC = YES;
				CLANG_WARN_BOOL_CONVERSION = YES;
				CLANG_WARN_CONSTANT_CONVERSION = YES;
				CLANG_WARN_DIRECT_OBJC_ISA_USAGE = YES_ERROR;
				CLANG_WARN_EMPTY_BODY = YES;
				CLANG_WARN_ENUM_CONVERSION = YES;
				CLANG_WARN_INT_CONVERSION = YES;
				CLANG_WARN_OBJC_ROOT_CLASS = YES_ERROR;
				CLANG_WARN_UNREACHABLE_CODE = YES;
				CLANG_WARN__DUPLICATE_METHOD_MATCH = YES;
				"CODE_SIGN_IDENTITY[sdk=iphoneos*]" = "iPhone Developer";
				COPY_PHASE_STRIP = NO;
				DEBUG_INFORMATION_FORMAT = dwarf;
				ENABLE_STRICT_OBJC_MSGSEND = YES;
				ENABLE_TESTABILITY = YES;
				GCC_C_LANGUAGE_STANDARD = gnu99;
				GCC_DYNAMIC_NO_PIC = NO;
				GCC_NO_COMMON_BLOCKS = YES;
				GCC_OPTIMIZATION_LEVEL = 0;
				GCC_PREPROCESSOR_DEFINITIONS = (
					"DEBUG=1",
					"$(inherited)",
				);
				GCC_WARN_64_TO_32_BIT_CONVERSION = YES;
				GCC_WARN_ABOUT_RETURN_TYPE = YES_ERROR;
				GCC_WARN_UNDECLARED_SELECTOR = YES;
				GCC_WARN_UNINITIALIZED_AUTOS = YES_AGGRESSIVE;
				GCC_WARN_UNUSED_FUNCTION = YES;
				GCC_WARN_UNUSED_VARIABLE = YES;
				IPHONEOS_DEPLOYMENT_TARGET = 9.3;
				MTL_ENABLE_DEBUG_INFO = YES;
				ONLY_ACTIVE_ARCH = YES;
				SDKROOT = iphoneos;
				SWIFT_OPTIMIZATION_LEVEL = "-Onone";
			};
			name = Debug;
		};
		041490491CD09294001B3905 /* Release */ = {
			isa = XCBuildConfiguration;
			buildSettings = {
				ALWAYS_SEARCH_USER_PATHS = NO;
				CLANG_ANALYZER_NONNULL = YES;
				CLANG_CXX_LANGUAGE_STANDARD = "gnu++0x";
				CLANG_CXX_LIBRARY = "libc++";
				CLANG_ENABLE_MODULES = YES;
				CLANG_ENABLE_OBJC_ARC = YES;
				CLANG_WARN_BOOL_CONVERSION = YES;
				CLANG_WARN_CONSTANT_CONVERSION = YES;
				CLANG_WARN_DIRECT_OBJC_ISA_USAGE = YES_ERROR;
				CLANG_WARN_EMPTY_BODY = YES;
				CLANG_WARN_ENUM_CONVERSION = YES;
				CLANG_WARN_INT_CONVERSION = YES;
				CLANG_WARN_OBJC_ROOT_CLASS = YES_ERROR;
				CLANG_WARN_UNREACHABLE_CODE = YES;
				CLANG_WARN__DUPLICATE_METHOD_MATCH = YES;
				"CODE_SIGN_IDENTITY[sdk=iphoneos*]" = "iPhone Developer";
				COPY_PHASE_STRIP = NO;
				DEBUG_INFORMATION_FORMAT = "dwarf-with-dsym";
				ENABLE_NS_ASSERTIONS = NO;
				ENABLE_STRICT_OBJC_MSGSEND = YES;
				GCC_C_LANGUAGE_STANDARD = gnu99;
				GCC_NO_COMMON_BLOCKS = YES;
				GCC_WARN_64_TO_32_BIT_CONVERSION = YES;
				GCC_WARN_ABOUT_RETURN_TYPE = YES_ERROR;
				GCC_WARN_UNDECLARED_SELECTOR = YES;
				GCC_WARN_UNINITIALIZED_AUTOS = YES_AGGRESSIVE;
				GCC_WARN_UNUSED_FUNCTION = YES;
				GCC_WARN_UNUSED_VARIABLE = YES;
				IPHONEOS_DEPLOYMENT_TARGET = 9.3;
				MTL_ENABLE_DEBUG_INFO = NO;
				SDKROOT = iphoneos;
				VALIDATE_PRODUCT = YES;
			};
			name = Release;
		};
		0414904B1CD09294001B3905 /* Debug */ = {
			isa = XCBuildConfiguration;
			buildSettings = {
				ASSETCATALOG_COMPILER_APPICON_NAME = AppIcon;
				CLANG_ENABLE_MODULES = YES;
				INFOPLIST_FILE = xinlang/Info.plist;
				LD_RUNPATH_SEARCH_PATHS = "$(inherited) @executable_path/Frameworks";
				PRODUCT_BUNDLE_IDENTIFIER = lzc.xinlang;
				PRODUCT_NAME = "$(TARGET_NAME)";
				SWIFT_OBJC_BRIDGING_HEADER = "xinlang/xinlang-Bridging-Header.h";
				SWIFT_OPTIMIZATION_LEVEL = "-Onone";
			};
			name = Debug;
		};
		0414904C1CD09294001B3905 /* Release */ = {
			isa = XCBuildConfiguration;
			buildSettings = {
				ASSETCATALOG_COMPILER_APPICON_NAME = AppIcon;
				CLANG_ENABLE_MODULES = YES;
				INFOPLIST_FILE = xinlang/Info.plist;
				LD_RUNPATH_SEARCH_PATHS = "$(inherited) @executable_path/Frameworks";
				PRODUCT_BUNDLE_IDENTIFIER = lzc.xinlang;
				PRODUCT_NAME = "$(TARGET_NAME)";
				SWIFT_OBJC_BRIDGING_HEADER = "xinlang/xinlang-Bridging-Header.h";
			};
			name = Release;
		};
		0414904E1CD09294001B3905 /* Debug */ = {
			isa = XCBuildConfiguration;
			buildSettings = {
				BUNDLE_LOADER = "$(TEST_HOST)";
				INFOPLIST_FILE = xinlangTests/Info.plist;
				LD_RUNPATH_SEARCH_PATHS = "$(inherited) @executable_path/Frameworks @loader_path/Frameworks";
				PRODUCT_BUNDLE_IDENTIFIER = lzc.xinlangTests;
				PRODUCT_NAME = "$(TARGET_NAME)";
				TEST_HOST = "$(BUILT_PRODUCTS_DIR)/xinlang.app/xinlang";
			};
			name = Debug;
		};
		0414904F1CD09294001B3905 /* Release */ = {
			isa = XCBuildConfiguration;
			buildSettings = {
				BUNDLE_LOADER = "$(TEST_HOST)";
				INFOPLIST_FILE = xinlangTests/Info.plist;
				LD_RUNPATH_SEARCH_PATHS = "$(inherited) @executable_path/Frameworks @loader_path/Frameworks";
				PRODUCT_BUNDLE_IDENTIFIER = lzc.xinlangTests;
				PRODUCT_NAME = "$(TARGET_NAME)";
				TEST_HOST = "$(BUILT_PRODUCTS_DIR)/xinlang.app/xinlang";
			};
			name = Release;
		};
		041490511CD09294001B3905 /* Debug */ = {
			isa = XCBuildConfiguration;
			buildSettings = {
				INFOPLIST_FILE = xinlangUITests/Info.plist;
				LD_RUNPATH_SEARCH_PATHS = "$(inherited) @executable_path/Frameworks @loader_path/Frameworks";
				PRODUCT_BUNDLE_IDENTIFIER = lzc.xinlangUITests;
				PRODUCT_NAME = "$(TARGET_NAME)";
				TEST_TARGET_NAME = xinlang;
			};
			name = Debug;
		};
		041490521CD09294001B3905 /* Release */ = {
			isa = XCBuildConfiguration;
			buildSettings = {
				INFOPLIST_FILE = xinlangUITests/Info.plist;
				LD_RUNPATH_SEARCH_PATHS = "$(inherited) @executable_path/Frameworks @loader_path/Frameworks";
				PRODUCT_BUNDLE_IDENTIFIER = lzc.xinlangUITests;
				PRODUCT_NAME = "$(TARGET_NAME)";
				TEST_TARGET_NAME = xinlang;
			};
			name = Release;
		};
/* End XCBuildConfiguration section */

/* Begin XCConfigurationList section */
		0414901D1CD09293001B3905 /* Build configuration list for PBXProject "xinlang" */ = {
			isa = XCConfigurationList;
			buildConfigurations = (
				041490481CD09294001B3905 /* Debug */,
				041490491CD09294001B3905 /* Release */,
			);
			defaultConfigurationIsVisible = 0;
			defaultConfigurationName = Release;
		};
		0414904A1CD09294001B3905 /* Build configuration list for PBXNativeTarget "xinlang" */ = {
			isa = XCConfigurationList;
			buildConfigurations = (
				0414904B1CD09294001B3905 /* Debug */,
				0414904C1CD09294001B3905 /* Release */,
			);
			defaultConfigurationIsVisible = 0;
			defaultConfigurationName = Release;
		};
		0414904D1CD09294001B3905 /* Build configuration list for PBXNativeTarget "xinlangTests" */ = {
			isa = XCConfigurationList;
			buildConfigurations = (
				0414904E1CD09294001B3905 /* Debug */,
				0414904F1CD09294001B3905 /* Release */,
			);
			defaultConfigurationIsVisible = 0;
			defaultConfigurationName = Release;
		};
		041490501CD09294001B3905 /* Build configuration list for PBXNativeTarget "xinlangUITests" */ = {
			isa = XCConfigurationList;
			buildConfigurations = (
				041490511CD09294001B3905 /* Debug */,
				041490521CD09294001B3905 /* Release */,
			);
			defaultConfigurationIsVisible = 0;
			defaultConfigurationName = Release;
		};
/* End XCConfigurationList section */
	};
	rootObject = 0414901A1CD09293001B3905 /* Project object */;
}
